// !$*UTF8*$!
{
	archiveVersion = 1;
	classes = {
	};
	objectVersion = 50;
	objects = {

/* Begin PBXBuildFile section */
		1FA1AF2226D495EE0088AB46 /* SwiftRanges.h in Headers */ = {isa = PBXBuildFile; fileRef = 1FA1AF2026D495EE0088AB46 /* SwiftRanges.h */; settings = {ATTRIBUTES = (Public, ); }; };
		1FA1AF6226D4960E0088AB46 /* AnyRange.swift in Sources */ = {isa = PBXBuildFile; fileRef = 1FA1AF3826D4960E0088AB46 /* AnyRange.swift */; };
		1FA1AF6326D4960E0088AB46 /* GeneralizedRange+Intersection.swift in Sources */ = {isa = PBXBuildFile; fileRef = 1FA1AF3926D4960E0088AB46 /* GeneralizedRange+Intersection.swift */; };
		1FA1AF6426D4960E0088AB46 /* GeneralizedRange+Comparison.swift in Sources */ = {isa = PBXBuildFile; fileRef = 1FA1AF3A26D4960E0088AB46 /* GeneralizedRange+Comparison.swift */; };
		1FA1AF6526D4960E0088AB46 /* GeneralizedRange.swift in Sources */ = {isa = PBXBuildFile; fileRef = 1FA1AF3B26D4960E0088AB46 /* GeneralizedRange.swift */; };
		1FA1AF6626D4960E0088AB46 /* ClosedRange+GeneralizedRange.swift in Sources */ = {isa = PBXBuildFile; fileRef = 1FA1AF3C26D4960E0088AB46 /* ClosedRange+GeneralizedRange.swift */; };
		1FA1AF6726D4960E0088AB46 /* EmptyRange.swift in Sources */ = {isa = PBXBuildFile; fileRef = 1FA1AF3D26D4960E0088AB46 /* EmptyRange.swift */; };
		1FA1AF6826D4960E0088AB46 /* ExcludedLowerBound.swift in Sources */ = {isa = PBXBuildFile; fileRef = 1FA1AF3E26D4960E0088AB46 /* ExcludedLowerBound.swift */; };
		1FA1AF6926D4960E0088AB46 /* PartialRangeThrough+GeneralizedRange.swift in Sources */ = {isa = PBXBuildFile; fileRef = 1FA1AF3F26D4960E0088AB46 /* PartialRangeThrough+GeneralizedRange.swift */; };
		1FA1AF6A26D4960E0088AB46 /* PartialRangeUpTo+GeneralizedRange.swift in Sources */ = {isa = PBXBuildFile; fileRef = 1FA1AF4026D4960E0088AB46 /* PartialRangeUpTo+GeneralizedRange.swift */; };
		1FA1AF6B26D4960E0088AB46 /* PartialRangeFrom+GeneralizedRange.swift in Sources */ = {isa = PBXBuildFile; fileRef = 1FA1AF4126D4960E0088AB46 /* PartialRangeFrom+GeneralizedRange.swift */; };
		1FA1AF6C26D4960E0088AB46 /* Array+TwoEachElements.swift in Sources */ = {isa = PBXBuildFile; fileRef = 1FA1AF4226D4960E0088AB46 /* Array+TwoEachElements.swift */; };
		1FA1AF6D26D4960E0088AB46 /* Boundary+Comparison.swift in Sources */ = {isa = PBXBuildFile; fileRef = 1FA1AF4326D4960E0088AB46 /* Boundary+Comparison.swift */; };
		1FA1AF6E26D4960E0088AB46 /* CustomStringConvertibleRange.swift in Sources */ = {isa = PBXBuildFile; fileRef = 1FA1AF4426D4960E0088AB46 /* CustomStringConvertibleRange.swift */; };
		1FA1AF6F26D4960E0088AB46 /* AnyBounds.swift in Sources */ = {isa = PBXBuildFile; fileRef = 1FA1AF4526D4960E0088AB46 /* AnyBounds.swift */; };
		1FA1AF7026D4960E0088AB46 /* GeneralizedRange+Overlaps.swift in Sources */ = {isa = PBXBuildFile; fileRef = 1FA1AF4626D4960E0088AB46 /* GeneralizedRange+Overlaps.swift */; };
		1FA1AF7126D4960E0088AB46 /* Memoizables.swift in Sources */ = {isa = PBXBuildFile; fileRef = 1FA1AF4726D4960E0088AB46 /* Memoizables.swift */; };
		1FA1AF7226D4960E0088AB46 /* AnyRange+Operators.swift in Sources */ = {isa = PBXBuildFile; fileRef = 1FA1AF4826D4960E0088AB46 /* AnyRange+Operators.swift */; };
		1FA1AF7326D4960E0088AB46 /* OpenRange.swift in Sources */ = {isa = PBXBuildFile; fileRef = 1FA1AF4926D4960E0088AB46 /* OpenRange.swift */; };
		1FA1AF7426D4960E0088AB46 /* GeneralizedRange+Subtraction.swift in Sources */ = {isa = PBXBuildFile; fileRef = 1FA1AF4A26D4960E0088AB46 /* GeneralizedRange+Subtraction.swift */; };
		1FA1AF7526D4960E0088AB46 /* GeneralizedRange+Concatenation.swift in Sources */ = {isa = PBXBuildFile; fileRef = 1FA1AF4B26D4960E0088AB46 /* GeneralizedRange+Concatenation.swift */; };
		1FA1AF7626D4960E0088AB46 /* MultipleRanges.swift in Sources */ = {isa = PBXBuildFile; fileRef = 1FA1AF4C26D4960E0088AB46 /* MultipleRanges.swift */; };
		1FA1AF7726D4960E0088AB46 /* HashableRange.swift in Sources */ = {isa = PBXBuildFile; fileRef = 1FA1AF4D26D4960E0088AB46 /* HashableRange.swift */; };
		1FA1AF7826D4960E0088AB46 /* Boundary.swift in Sources */ = {isa = PBXBuildFile; fileRef = 1FA1AF4E26D4960E0088AB46 /* Boundary.swift */; };
		1FA1AF7926D4960E0088AB46 /* RangeDictionary.swift in Sources */ = {isa = PBXBuildFile; fileRef = 1FA1AF4F26D4960E0088AB46 /* RangeDictionary.swift */; };
		1FA1AF7A26D4960E0088AB46 /* GeneralizedRange+Comparison+ParticularCases.swift in Sources */ = {isa = PBXBuildFile; fileRef = 1FA1AF5026D4960E0088AB46 /* GeneralizedRange+Comparison+ParticularCases.swift */; };
		1FA1AF7B26D4960E0088AB46 /* LeftOpenRange.swift in Sources */ = {isa = PBXBuildFile; fileRef = 1FA1AF5126D4960E0088AB46 /* LeftOpenRange.swift */; };
		1FA1AF7C26D4960E0088AB46 /* TangibleUnboundedRange.swift in Sources */ = {isa = PBXBuildFile; fileRef = 1FA1AF5226D4960E0088AB46 /* TangibleUnboundedRange.swift */; };
		1FA1AF7D26D4960E0088AB46 /* Boundary+Concatenation.swift in Sources */ = {isa = PBXBuildFile; fileRef = 1FA1AF5326D4960E0088AB46 /* Boundary+Concatenation.swift */; };
		1FA1AF7E26D4960E0088AB46 /* Range+GeneralizedRange.swift in Sources */ = {isa = PBXBuildFile; fileRef = 1FA1AF5426D4960E0088AB46 /* Range+GeneralizedRange.swift */; };
		1FA1AF7F26D4960E0088AB46 /* PartialRangeGreaterThan.swift in Sources */ = {isa = PBXBuildFile; fileRef = 1FA1AF5526D4960E0088AB46 /* PartialRangeGreaterThan.swift */; };
/* End PBXBuildFile section */

/* Begin PBXFileReference section */
		1FA1AF1D26D495EE0088AB46 /* SwiftRanges.framework */ = {isa = PBXFileReference; explicitFileType = wrapper.framework; includeInIndex = 0; path = SwiftRanges.framework; sourceTree = BUILT_PRODUCTS_DIR; };
		1FA1AF2026D495EE0088AB46 /* SwiftRanges.h */ = {isa = PBXFileReference; lastKnownFileType = sourcecode.c.h; path = SwiftRanges.h; sourceTree = "<group>"; };
		1FA1AF2126D495EE0088AB46 /* Info.plist */ = {isa = PBXFileReference; lastKnownFileType = text.plist.xml; path = Info.plist; sourceTree = "<group>"; };
		1FA1AF3826D4960E0088AB46 /* AnyRange.swift */ = {isa = PBXFileReference; fileEncoding = 4; lastKnownFileType = sourcecode.swift; path = AnyRange.swift; sourceTree = "<group>"; };
		1FA1AF3926D4960E0088AB46 /* GeneralizedRange+Intersection.swift */ = {isa = PBXFileReference; fileEncoding = 4; lastKnownFileType = sourcecode.swift; path = "GeneralizedRange+Intersection.swift"; sourceTree = "<group>"; };
		1FA1AF3A26D4960E0088AB46 /* GeneralizedRange+Comparison.swift */ = {isa = PBXFileReference; fileEncoding = 4; lastKnownFileType = sourcecode.swift; path = "GeneralizedRange+Comparison.swift"; sourceTree = "<group>"; };
		1FA1AF3B26D4960E0088AB46 /* GeneralizedRange.swift */ = {isa = PBXFileReference; fileEncoding = 4; lastKnownFileType = sourcecode.swift; path = GeneralizedRange.swift; sourceTree = "<group>"; };
		1FA1AF3C26D4960E0088AB46 /* ClosedRange+GeneralizedRange.swift */ = {isa = PBXFileReference; fileEncoding = 4; lastKnownFileType = sourcecode.swift; path = "ClosedRange+GeneralizedRange.swift"; sourceTree = "<group>"; };
		1FA1AF3D26D4960E0088AB46 /* EmptyRange.swift */ = {isa = PBXFileReference; fileEncoding = 4; lastKnownFileType = sourcecode.swift; path = EmptyRange.swift; sourceTree = "<group>"; };
		1FA1AF3E26D4960E0088AB46 /* ExcludedLowerBound.swift */ = {isa = PBXFileReference; fileEncoding = 4; lastKnownFileType = sourcecode.swift; path = ExcludedLowerBound.swift; sourceTree = "<group>"; };
		1FA1AF3F26D4960E0088AB46 /* PartialRangeThrough+GeneralizedRange.swift */ = {isa = PBXFileReference; fileEncoding = 4; lastKnownFileType = sourcecode.swift; path = "PartialRangeThrough+GeneralizedRange.swift"; sourceTree = "<group>"; };
		1FA1AF4026D4960E0088AB46 /* PartialRangeUpTo+GeneralizedRange.swift */ = {isa = PBXFileReference; fileEncoding = 4; lastKnownFileType = sourcecode.swift; path = "PartialRangeUpTo+GeneralizedRange.swift"; sourceTree = "<group>"; };
		1FA1AF4126D4960E0088AB46 /* PartialRangeFrom+GeneralizedRange.swift */ = {isa = PBXFileReference; fileEncoding = 4; lastKnownFileType = sourcecode.swift; path = "PartialRangeFrom+GeneralizedRange.swift"; sourceTree = "<group>"; };
		1FA1AF4226D4960E0088AB46 /* Array+TwoEachElements.swift */ = {isa = PBXFileReference; fileEncoding = 4; lastKnownFileType = sourcecode.swift; path = "Array+TwoEachElements.swift"; sourceTree = "<group>"; };
		1FA1AF4326D4960E0088AB46 /* Boundary+Comparison.swift */ = {isa = PBXFileReference; fileEncoding = 4; lastKnownFileType = sourcecode.swift; path = "Boundary+Comparison.swift"; sourceTree = "<group>"; };
		1FA1AF4426D4960E0088AB46 /* CustomStringConvertibleRange.swift */ = {isa = PBXFileReference; fileEncoding = 4; lastKnownFileType = sourcecode.swift; path = CustomStringConvertibleRange.swift; sourceTree = "<group>"; };
		1FA1AF4526D4960E0088AB46 /* AnyBounds.swift */ = {isa = PBXFileReference; fileEncoding = 4; lastKnownFileType = sourcecode.swift; path = AnyBounds.swift; sourceTree = "<group>"; };
		1FA1AF4626D4960E0088AB46 /* GeneralizedRange+Overlaps.swift */ = {isa = PBXFileReference; fileEncoding = 4; lastKnownFileType = sourcecode.swift; path = "GeneralizedRange+Overlaps.swift"; sourceTree = "<group>"; };
		1FA1AF4726D4960E0088AB46 /* Memoizables.swift */ = {isa = PBXFileReference; fileEncoding = 4; lastKnownFileType = sourcecode.swift; path = Memoizables.swift; sourceTree = "<group>"; };
		1FA1AF4826D4960E0088AB46 /* AnyRange+Operators.swift */ = {isa = PBXFileReference; fileEncoding = 4; lastKnownFileType = sourcecode.swift; path = "AnyRange+Operators.swift"; sourceTree = "<group>"; };
		1FA1AF4926D4960E0088AB46 /* OpenRange.swift */ = {isa = PBXFileReference; fileEncoding = 4; lastKnownFileType = sourcecode.swift; path = OpenRange.swift; sourceTree = "<group>"; };
		1FA1AF4A26D4960E0088AB46 /* GeneralizedRange+Subtraction.swift */ = {isa = PBXFileReference; fileEncoding = 4; lastKnownFileType = sourcecode.swift; path = "GeneralizedRange+Subtraction.swift"; sourceTree = "<group>"; };
		1FA1AF4B26D4960E0088AB46 /* GeneralizedRange+Concatenation.swift */ = {isa = PBXFileReference; fileEncoding = 4; lastKnownFileType = sourcecode.swift; path = "GeneralizedRange+Concatenation.swift"; sourceTree = "<group>"; };
		1FA1AF4C26D4960E0088AB46 /* MultipleRanges.swift */ = {isa = PBXFileReference; fileEncoding = 4; lastKnownFileType = sourcecode.swift; path = MultipleRanges.swift; sourceTree = "<group>"; };
		1FA1AF4D26D4960E0088AB46 /* HashableRange.swift */ = {isa = PBXFileReference; fileEncoding = 4; lastKnownFileType = sourcecode.swift; path = HashableRange.swift; sourceTree = "<group>"; };
		1FA1AF4E26D4960E0088AB46 /* Boundary.swift */ = {isa = PBXFileReference; fileEncoding = 4; lastKnownFileType = sourcecode.swift; path = Boundary.swift; sourceTree = "<group>"; };
		1FA1AF4F26D4960E0088AB46 /* RangeDictionary.swift */ = {isa = PBXFileReference; fileEncoding = 4; lastKnownFileType = sourcecode.swift; path = RangeDictionary.swift; sourceTree = "<group>"; };
		1FA1AF5026D4960E0088AB46 /* GeneralizedRange+Comparison+ParticularCases.swift */ = {isa = PBXFileReference; fileEncoding = 4; lastKnownFileType = sourcecode.swift; path = "GeneralizedRange+Comparison+ParticularCases.swift"; sourceTree = "<group>"; };
		1FA1AF5126D4960E0088AB46 /* LeftOpenRange.swift */ = {isa = PBXFileReference; fileEncoding = 4; lastKnownFileType = sourcecode.swift; path = LeftOpenRange.swift; sourceTree = "<group>"; };
		1FA1AF5226D4960E0088AB46 /* TangibleUnboundedRange.swift */ = {isa = PBXFileReference; fileEncoding = 4; lastKnownFileType = sourcecode.swift; path = TangibleUnboundedRange.swift; sourceTree = "<group>"; };
		1FA1AF5326D4960E0088AB46 /* Boundary+Concatenation.swift */ = {isa = PBXFileReference; fileEncoding = 4; lastKnownFileType = sourcecode.swift; path = "Boundary+Concatenation.swift"; sourceTree = "<group>"; };
		1FA1AF5426D4960E0088AB46 /* Range+GeneralizedRange.swift */ = {isa = PBXFileReference; fileEncoding = 4; lastKnownFileType = sourcecode.swift; path = "Range+GeneralizedRange.swift"; sourceTree = "<group>"; };
		1FA1AF5526D4960E0088AB46 /* PartialRangeGreaterThan.swift */ = {isa = PBXFileReference; fileEncoding = 4; lastKnownFileType = sourcecode.swift; path = PartialRangeGreaterThan.swift; sourceTree = "<group>"; };
/* End PBXFileReference section */

/* Begin PBXFrameworksBuildPhase section */
		1FA1AF1A26D495EE0088AB46 /* Frameworks */ = {
			isa = PBXFrameworksBuildPhase;
			buildActionMask = 2147483647;
			files = (
			);
			runOnlyForDeploymentPostprocessing = 0;
		};
/* End PBXFrameworksBuildPhase section */

/* Begin PBXGroup section */
		1FA1AF1326D495EE0088AB46 = {
			isa = PBXGroup;
			children = (
				1FA1AF1F26D495EE0088AB46 /* SwiftRanges */,
				1FA1AF1E26D495EE0088AB46 /* Products */,
			);
			sourceTree = "<group>";
		};
		1FA1AF1E26D495EE0088AB46 /* Products */ = {
			isa = PBXGroup;
			children = (
				1FA1AF1D26D495EE0088AB46 /* SwiftRanges.framework */,
			);
			name = Products;
			sourceTree = "<group>";
		};
		1FA1AF1F26D495EE0088AB46 /* SwiftRanges */ = {
			isa = PBXGroup;
			children = (
				1FA1AF3626D4960E0088AB46 /* Sources */,
				1FA1AF2026D495EE0088AB46 /* SwiftRanges.h */,
				1FA1AF2126D495EE0088AB46 /* Info.plist */,
			);
			path = SwiftRanges;
			sourceTree = "<group>";
		};
		1FA1AF3626D4960E0088AB46 /* Sources */ = {
			isa = PBXGroup;
			children = (
				1FA1AF3726D4960E0088AB46 /* Ranges */,
			);
			path = Sources;
			sourceTree = SOURCE_ROOT;
		};
		1FA1AF3726D4960E0088AB46 /* Ranges */ = {
			isa = PBXGroup;
			children = (
				1FA1AF3826D4960E0088AB46 /* AnyRange.swift */,
				1FA1AF3926D4960E0088AB46 /* GeneralizedRange+Intersection.swift */,
				1FA1AF3A26D4960E0088AB46 /* GeneralizedRange+Comparison.swift */,
				1FA1AF3B26D4960E0088AB46 /* GeneralizedRange.swift */,
				1FA1AF3C26D4960E0088AB46 /* ClosedRange+GeneralizedRange.swift */,
				1FA1AF3D26D4960E0088AB46 /* EmptyRange.swift */,
				1FA1AF3E26D4960E0088AB46 /* ExcludedLowerBound.swift */,
				1FA1AF3F26D4960E0088AB46 /* PartialRangeThrough+GeneralizedRange.swift */,
				1FA1AF4026D4960E0088AB46 /* PartialRangeUpTo+GeneralizedRange.swift */,
				1FA1AF4126D4960E0088AB46 /* PartialRangeFrom+GeneralizedRange.swift */,
				1FA1AF4226D4960E0088AB46 /* Array+TwoEachElements.swift */,
				1FA1AF4326D4960E0088AB46 /* Boundary+Comparison.swift */,
				1FA1AF4426D4960E0088AB46 /* CustomStringConvertibleRange.swift */,
				1FA1AF4526D4960E0088AB46 /* AnyBounds.swift */,
				1FA1AF4626D4960E0088AB46 /* GeneralizedRange+Overlaps.swift */,
				1FA1AF4726D4960E0088AB46 /* Memoizables.swift */,
				1FA1AF4826D4960E0088AB46 /* AnyRange+Operators.swift */,
				1FA1AF4926D4960E0088AB46 /* OpenRange.swift */,
				1FA1AF4A26D4960E0088AB46 /* GeneralizedRange+Subtraction.swift */,
				1FA1AF4B26D4960E0088AB46 /* GeneralizedRange+Concatenation.swift */,
				1FA1AF4C26D4960E0088AB46 /* MultipleRanges.swift */,
				1FA1AF4D26D4960E0088AB46 /* HashableRange.swift */,
				1FA1AF4E26D4960E0088AB46 /* Boundary.swift */,
				1FA1AF4F26D4960E0088AB46 /* RangeDictionary.swift */,
				1FA1AF5026D4960E0088AB46 /* GeneralizedRange+Comparison+ParticularCases.swift */,
				1FA1AF5126D4960E0088AB46 /* LeftOpenRange.swift */,
				1FA1AF5226D4960E0088AB46 /* TangibleUnboundedRange.swift */,
				1FA1AF5326D4960E0088AB46 /* Boundary+Concatenation.swift */,
				1FA1AF5426D4960E0088AB46 /* Range+GeneralizedRange.swift */,
				1FA1AF5526D4960E0088AB46 /* PartialRangeGreaterThan.swift */,
			);
			path = Ranges;
			sourceTree = "<group>";
		};
/* End PBXGroup section */

/* Begin PBXHeadersBuildPhase section */
		1FA1AF1826D495EE0088AB46 /* Headers */ = {
			isa = PBXHeadersBuildPhase;
			buildActionMask = 2147483647;
			files = (
				1FA1AF2226D495EE0088AB46 /* SwiftRanges.h in Headers */,
			);
			runOnlyForDeploymentPostprocessing = 0;
		};
/* End PBXHeadersBuildPhase section */

/* Begin PBXNativeTarget section */
		1FA1AF1C26D495EE0088AB46 /* SwiftRanges */ = {
			isa = PBXNativeTarget;
			buildConfigurationList = 1FA1AF2526D495EE0088AB46 /* Build configuration list for PBXNativeTarget "SwiftRanges" */;
			buildPhases = (
				1FA1AF1826D495EE0088AB46 /* Headers */,
				1FA1AF1926D495EE0088AB46 /* Sources */,
				1FA1AF1A26D495EE0088AB46 /* Frameworks */,
				1FA1AF1B26D495EE0088AB46 /* Resources */,
			);
			buildRules = (
			);
			dependencies = (
			);
			name = SwiftRanges;
			productName = SwiftRanges;
			productReference = 1FA1AF1D26D495EE0088AB46 /* SwiftRanges.framework */;
			productType = "com.apple.product-type.framework";
		};
/* End PBXNativeTarget section */

/* Begin PBXProject section */
		1FA1AF1426D495EE0088AB46 /* Project object */ = {
			isa = PBXProject;
			attributes = {
				LastUpgradeCheck = 1250;
				TargetAttributes = {
					1FA1AF1C26D495EE0088AB46 = {
						CreatedOnToolsVersion = 12.5.1;
					};
				};
			};
			buildConfigurationList = 1FA1AF1726D495EE0088AB46 /* Build configuration list for PBXProject "SwiftRanges" */;
			compatibilityVersion = "Xcode 9.3";
			developmentRegion = en;
			hasScannedForEncodings = 0;
			knownRegions = (
				en,
				Base,
			);
			mainGroup = 1FA1AF1326D495EE0088AB46;
			productRefGroup = 1FA1AF1E26D495EE0088AB46 /* Products */;
			projectDirPath = "";
			projectRoot = "";
			targets = (
				1FA1AF1C26D495EE0088AB46 /* SwiftRanges */,
			);
		};
/* End PBXProject section */

/* Begin PBXResourcesBuildPhase section */
		1FA1AF1B26D495EE0088AB46 /* Resources */ = {
			isa = PBXResourcesBuildPhase;
			buildActionMask = 2147483647;
			files = (
			);
			runOnlyForDeploymentPostprocessing = 0;
		};
/* End PBXResourcesBuildPhase section */

/* Begin PBXSourcesBuildPhase section */
		1FA1AF1926D495EE0088AB46 /* Sources */ = {
			isa = PBXSourcesBuildPhase;
			buildActionMask = 2147483647;
			files = (
				1FA1AF7126D4960E0088AB46 /* Memoizables.swift in Sources */,
				1FA1AF6E26D4960E0088AB46 /* CustomStringConvertibleRange.swift in Sources */,
				1FA1AF7426D4960E0088AB46 /* GeneralizedRange+Subtraction.swift in Sources */,
				1FA1AF7F26D4960E0088AB46 /* PartialRangeGreaterThan.swift in Sources */,
				1FA1AF6926D4960E0088AB46 /* PartialRangeThrough+GeneralizedRange.swift in Sources */,
				1FA1AF7B26D4960E0088AB46 /* LeftOpenRange.swift in Sources */,
				1FA1AF6726D4960E0088AB46 /* EmptyRange.swift in Sources */,
				1FA1AF7726D4960E0088AB46 /* HashableRange.swift in Sources */,
				1FA1AF6626D4960E0088AB46 /* ClosedRange+GeneralizedRange.swift in Sources */,
				1FA1AF7D26D4960E0088AB46 /* Boundary+Concatenation.swift in Sources */,
				1FA1AF7226D4960E0088AB46 /* AnyRange+Operators.swift in Sources */,
				1FA1AF7826D4960E0088AB46 /* Boundary.swift in Sources */,
				1FA1AF6226D4960E0088AB46 /* AnyRange.swift in Sources */,
				1FA1AF7A26D4960E0088AB46 /* GeneralizedRange+Comparison+ParticularCases.swift in Sources */,
				1FA1AF6826D4960E0088AB46 /* ExcludedLowerBound.swift in Sources */,
				1FA1AF7C26D4960E0088AB46 /* TangibleUnboundedRange.swift in Sources */,
				1FA1AF6A26D4960E0088AB46 /* PartialRangeUpTo+GeneralizedRange.swift in Sources */,
				1FA1AF7926D4960E0088AB46 /* RangeDictionary.swift in Sources */,
				1FA1AF7026D4960E0088AB46 /* GeneralizedRange+Overlaps.swift in Sources */,
				1FA1AF6526D4960E0088AB46 /* GeneralizedRange.swift in Sources */,
				1FA1AF6F26D4960E0088AB46 /* AnyBounds.swift in Sources */,
				1FA1AF6326D4960E0088AB46 /* GeneralizedRange+Intersection.swift in Sources */,
				1FA1AF7526D4960E0088AB46 /* GeneralizedRange+Concatenation.swift in Sources */,
				1FA1AF6C26D4960E0088AB46 /* Array+TwoEachElements.swift in Sources */,
				1FA1AF6426D4960E0088AB46 /* GeneralizedRange+Comparison.swift in Sources */,
				1FA1AF7326D4960E0088AB46 /* OpenRange.swift in Sources */,
				1FA1AF6B26D4960E0088AB46 /* PartialRangeFrom+GeneralizedRange.swift in Sources */,
				1FA1AF6D26D4960E0088AB46 /* Boundary+Comparison.swift in Sources */,
				1FA1AF7E26D4960E0088AB46 /* Range+GeneralizedRange.swift in Sources */,
				1FA1AF7626D4960E0088AB46 /* MultipleRanges.swift in Sources */,
			);
			runOnlyForDeploymentPostprocessing = 0;
		};
/* End PBXSourcesBuildPhase section */

/* Begin XCBuildConfiguration section */
		1FA1AF2326D495EE0088AB46 /* Debug */ = {
			isa = XCBuildConfiguration;
			buildSettings = {
				ALWAYS_SEARCH_USER_PATHS = NO;
				CLANG_ANALYZER_NONNULL = YES;
				CLANG_ANALYZER_NUMBER_OBJECT_CONVERSION = YES_AGGRESSIVE;
				CLANG_CXX_LANGUAGE_STANDARD = "gnu++14";
				CLANG_CXX_LIBRARY = "libc++";
				CLANG_ENABLE_MODULES = YES;
				CLANG_ENABLE_OBJC_ARC = YES;
				CLANG_ENABLE_OBJC_WEAK = YES;
				CLANG_WARN_BLOCK_CAPTURE_AUTORELEASING = YES;
				CLANG_WARN_BOOL_CONVERSION = YES;
				CLANG_WARN_COMMA = YES;
				CLANG_WARN_CONSTANT_CONVERSION = YES;
				CLANG_WARN_DEPRECATED_OBJC_IMPLEMENTATIONS = YES;
				CLANG_WARN_DIRECT_OBJC_ISA_USAGE = YES_ERROR;
				CLANG_WARN_DOCUMENTATION_COMMENTS = YES;
				CLANG_WARN_EMPTY_BODY = YES;
				CLANG_WARN_ENUM_CONVERSION = YES;
				CLANG_WARN_INFINITE_RECURSION = YES;
				CLANG_WARN_INT_CONVERSION = YES;
				CLANG_WARN_NON_LITERAL_NULL_CONVERSION = YES;
				CLANG_WARN_OBJC_IMPLICIT_RETAIN_SELF = YES;
				CLANG_WARN_OBJC_LITERAL_CONVERSION = YES;
				CLANG_WARN_OBJC_ROOT_CLASS = YES_ERROR;
				CLANG_WARN_QUOTED_INCLUDE_IN_FRAMEWORK_HEADER = YES;
				CLANG_WARN_RANGE_LOOP_ANALYSIS = YES;
				CLANG_WARN_STRICT_PROTOTYPES = YES;
				CLANG_WARN_SUSPICIOUS_MOVE = YES;
				CLANG_WARN_UNGUARDED_AVAILABILITY = YES_AGGRESSIVE;
				CLANG_WARN_UNREACHABLE_CODE = YES;
				CLANG_WARN__DUPLICATE_METHOD_MATCH = YES;
				COPY_PHASE_STRIP = NO;
				CURRENT_PROJECT_VERSION = 1;
				DEBUG_INFORMATION_FORMAT = dwarf;
				ENABLE_STRICT_OBJC_MSGSEND = YES;
				ENABLE_TESTABILITY = YES;
				GCC_C_LANGUAGE_STANDARD = gnu11;
				GCC_DYNAMIC_NO_PIC = NO;
				GCC_NO_COMMON_BLOCKS = YES;
				GCC_OPTIMIZATION_LEVEL = 0;
				GCC_PREPROCESSOR_DEFINITIONS = (
					"DEBUG=1",
					"$(inherited)",
				);
				GCC_WARN_64_TO_32_BIT_CONVERSION = YES;
				GCC_WARN_ABOUT_RETURN_TYPE = YES_ERROR;
				GCC_WARN_UNDECLARED_SELECTOR = YES;
				GCC_WARN_UNINITIALIZED_AUTOS = YES_AGGRESSIVE;
				GCC_WARN_UNUSED_FUNCTION = YES;
				GCC_WARN_UNUSED_VARIABLE = YES;
				IPHONEOS_DEPLOYMENT_TARGET = 12.1;
				MTL_ENABLE_DEBUG_INFO = INCLUDE_SOURCE;
				MTL_FAST_MATH = YES;
				ONLY_ACTIVE_ARCH = YES;
				SDKROOT = iphoneos;
				SWIFT_ACTIVE_COMPILATION_CONDITIONS = DEBUG;
				SWIFT_OPTIMIZATION_LEVEL = "-Onone";
				SWIFT_VERSION = 5.0;
				VERSIONING_SYSTEM = "apple-generic";
				VERSION_INFO_PREFIX = "";
			};
			name = Debug;
		};
		1FA1AF2426D495EE0088AB46 /* Release */ = {
			isa = XCBuildConfiguration;
			buildSettings = {
				ALWAYS_SEARCH_USER_PATHS = NO;
				CLANG_ANALYZER_NONNULL = YES;
				CLANG_ANALYZER_NUMBER_OBJECT_CONVERSION = YES_AGGRESSIVE;
				CLANG_CXX_LANGUAGE_STANDARD = "gnu++14";
				CLANG_CXX_LIBRARY = "libc++";
				CLANG_ENABLE_MODULES = YES;
				CLANG_ENABLE_OBJC_ARC = YES;
				CLANG_ENABLE_OBJC_WEAK = YES;
				CLANG_WARN_BLOCK_CAPTURE_AUTORELEASING = YES;
				CLANG_WARN_BOOL_CONVERSION = YES;
				CLANG_WARN_COMMA = YES;
				CLANG_WARN_CONSTANT_CONVERSION = YES;
				CLANG_WARN_DEPRECATED_OBJC_IMPLEMENTATIONS = YES;
				CLANG_WARN_DIRECT_OBJC_ISA_USAGE = YES_ERROR;
				CLANG_WARN_DOCUMENTATION_COMMENTS = YES;
				CLANG_WARN_EMPTY_BODY = YES;
				CLANG_WARN_ENUM_CONVERSION = YES;
				CLANG_WARN_INFINITE_RECURSION = YES;
				CLANG_WARN_INT_CONVERSION = YES;
				CLANG_WARN_NON_LITERAL_NULL_CONVERSION = YES;
				CLANG_WARN_OBJC_IMPLICIT_RETAIN_SELF = YES;
				CLANG_WARN_OBJC_LITERAL_CONVERSION = YES;
				CLANG_WARN_OBJC_ROOT_CLASS = YES_ERROR;
				CLANG_WARN_QUOTED_INCLUDE_IN_FRAMEWORK_HEADER = YES;
				CLANG_WARN_RANGE_LOOP_ANALYSIS = YES;
				CLANG_WARN_STRICT_PROTOTYPES = YES;
				CLANG_WARN_SUSPICIOUS_MOVE = YES;
				CLANG_WARN_UNGUARDED_AVAILABILITY = YES_AGGRESSIVE;
				CLANG_WARN_UNREACHABLE_CODE = YES;
				CLANG_WARN__DUPLICATE_METHOD_MATCH = YES;
				COPY_PHASE_STRIP = NO;
				CURRENT_PROJECT_VERSION = 1;
				DEBUG_INFORMATION_FORMAT = "dwarf-with-dsym";
				ENABLE_NS_ASSERTIONS = NO;
				ENABLE_STRICT_OBJC_MSGSEND = YES;
				GCC_C_LANGUAGE_STANDARD = gnu11;
				GCC_NO_COMMON_BLOCKS = YES;
				GCC_WARN_64_TO_32_BIT_CONVERSION = YES;
				GCC_WARN_ABOUT_RETURN_TYPE = YES_ERROR;
				GCC_WARN_UNDECLARED_SELECTOR = YES;
				GCC_WARN_UNINITIALIZED_AUTOS = YES_AGGRESSIVE;
				GCC_WARN_UNUSED_FUNCTION = YES;
				GCC_WARN_UNUSED_VARIABLE = YES;
				IPHONEOS_DEPLOYMENT_TARGET = 12.1;
				MTL_ENABLE_DEBUG_INFO = NO;
				MTL_FAST_MATH = YES;
				SDKROOT = iphoneos;
				SWIFT_COMPILATION_MODE = wholemodule;
				SWIFT_OPTIMIZATION_LEVEL = "-O";
				SWIFT_VERSION = 5.0;
				VALIDATE_PRODUCT = YES;
				VERSIONING_SYSTEM = "apple-generic";
				VERSION_INFO_PREFIX = "";
			};
			name = Release;
		};
		1FA1AF2626D495EE0088AB46 /* Debug */ = {
			isa = XCBuildConfiguration;
			buildSettings = {
				CODE_SIGN_STYLE = Automatic;
				DEFINES_MODULE = YES;
				DEVELOPMENT_TEAM = RC46L283WJ;
				DYLIB_COMPATIBILITY_VERSION = 1;
				DYLIB_CURRENT_VERSION = 1;
				DYLIB_INSTALL_NAME_BASE = "@rpath";
				INFOPLIST_FILE = SwiftRanges/Info.plist;
				INSTALL_PATH = "$(LOCAL_LIBRARY_DIR)/Frameworks";
				IPHONEOS_DEPLOYMENT_TARGET = 12.1;
				LD_RUNPATH_SEARCH_PATHS = (
					"$(inherited)",
					"@executable_path/Frameworks",
					"@loader_path/Frameworks",
				);
				MARKETING_VERSION = 3.1.2;
				PRODUCT_BUNDLE_IDENTIFIER = jp.co.soleilsystems.SwiftRanges;
				PRODUCT_NAME = "$(TARGET_NAME:c99extidentifier)";
				SKIP_INSTALL = YES;
				SUPPORTS_MACCATALYST = YES;
				SWIFT_VERSION = 5.0;
				TARGETED_DEVICE_FAMILY = "1,2";
			};
			name = Debug;
		};
		1FA1AF2726D495EE0088AB46 /* Release */ = {
			isa = XCBuildConfiguration;
			buildSettings = {
				CODE_SIGN_STYLE = Automatic;
				DEFINES_MODULE = YES;
				DEVELOPMENT_TEAM = RC46L283WJ;
				DYLIB_COMPATIBILITY_VERSION = 1;
				DYLIB_CURRENT_VERSION = 1;
				DYLIB_INSTALL_NAME_BASE = "@rpath";
				INFOPLIST_FILE = SwiftRanges/Info.plist;
				INSTALL_PATH = "$(LOCAL_LIBRARY_DIR)/Frameworks";
				IPHONEOS_DEPLOYMENT_TARGET = 12.1;
				LD_RUNPATH_SEARCH_PATHS = (
					"$(inherited)",
					"@executable_path/Frameworks",
					"@loader_path/Frameworks",
				);
				MARKETING_VERSION = 3.1.2;
				PRODUCT_BUNDLE_IDENTIFIER = jp.co.soleilsystems.SwiftRanges;
				PRODUCT_NAME = "$(TARGET_NAME:c99extidentifier)";
				SKIP_INSTALL = YES;
				SUPPORTS_MACCATALYST = YES;
				SWIFT_VERSION = 5.0;
				TARGETED_DEVICE_FAMILY = "1,2";
			};
			name = Release;
		};
/* End XCBuildConfiguration section */

/* Begin XCConfigurationList section */
		1FA1AF1726D495EE0088AB46 /* Build configuration list for PBXProject "SwiftRanges" */ = {
			isa = XCConfigurationList;
			buildConfigurations = (
				1FA1AF2326D495EE0088AB46 /* Debug */,
				1FA1AF2426D495EE0088AB46 /* Release */,
			);
			defaultConfigurationIsVisible = 0;
			defaultConfigurationName = Release;
		};
		1FA1AF2526D495EE0088AB46 /* Build configuration list for PBXNativeTarget "SwiftRanges" */ = {
			isa = XCConfigurationList;
			buildConfigurations = (
				1FA1AF2626D495EE0088AB46 /* Debug */,
				1FA1AF2726D495EE0088AB46 /* Release */,
			);
			defaultConfigurationIsVisible = 0;
			defaultConfigurationName = Release;
		};
/* End XCConfigurationList section */
	};
	rootObject = 1FA1AF1426D495EE0088AB46 /* Project object */;
}
